// !$*UTF8*$!
{
	archiveVersion = 1;
	classes = {
	};
	objectVersion = 50;
	objects = {

/* Begin PBXBuildFile section */
		74C1BF3A26341F750067E05F /* Tests_iOS.swift in Sources */ = {isa = PBXBuildFile; fileRef = 74C1BF3926341F750067E05F /* Tests_iOS.swift */; };
		74C1BF4526341F750067E05F /* Tests_macOS.swift in Sources */ = {isa = PBXBuildFile; fileRef = 74C1BF4426341F750067E05F /* Tests_macOS.swift */; };
		74C1BF4726341F750067E05F /* PHARMANCYApp.swift in Sources */ = {isa = PBXBuildFile; fileRef = 74C1BF1E26341F730067E05F /* PHARMANCYApp.swift */; };
		74C1BF4826341F750067E05F /* PHARMANCYApp.swift in Sources */ = {isa = PBXBuildFile; fileRef = 74C1BF1E26341F730067E05F /* PHARMANCYApp.swift */; };
		74C1BF4926341F750067E05F /* ContentView.swift in Sources */ = {isa = PBXBuildFile; fileRef = 74C1BF1F26341F730067E05F /* ContentView.swift */; };
		74C1BF4A26341F750067E05F /* ContentView.swift in Sources */ = {isa = PBXBuildFile; fileRef = 74C1BF1F26341F730067E05F /* ContentView.swift */; };
		74C1BF4B26341F750067E05F /* Assets.xcassets in Resources */ = {isa = PBXBuildFile; fileRef = 74C1BF2026341F750067E05F /* Assets.xcassets */; };
		74C1BF4C26341F750067E05F /* Assets.xcassets in Resources */ = {isa = PBXBuildFile; fileRef = 74C1BF2026341F750067E05F /* Assets.xcassets */; };
/* End PBXBuildFile section */

/* Begin PBXContainerItemProxy section */
		74C1BF3626341F750067E05F /* PBXContainerItemProxy */ = {
			isa = PBXContainerItemProxy;
			containerPortal = 74C1BF1926341F730067E05F /* Project object */;
			proxyType = 1;
			remoteGlobalIDString = 74C1BF2426341F750067E05F;
			remoteInfo = "PHARMANCY (iOS)";
		};
		74C1BF4126341F750067E05F /* PBXContainerItemProxy */ = {
			isa = PBXContainerItemProxy;
			containerPortal = 74C1BF1926341F730067E05F /* Project object */;
			proxyType = 1;
			remoteGlobalIDString = 74C1BF2C26341F750067E05F;
			remoteInfo = "PHARMANCY (macOS)";
		};
/* End PBXContainerItemProxy section */

/* Begin PBXFileReference section */
		74C1BF1E26341F730067E05F /* PHARMANCYApp.swift */ = {isa = PBXFileReference; lastKnownFileType = sourcecode.swift; path = PHARMANCYApp.swift; sourceTree = "<group>"; };
		74C1BF1F26341F730067E05F /* ContentView.swift */ = {isa = PBXFileReference; lastKnownFileType = sourcecode.swift; path = ContentView.swift; sourceTree = "<group>"; };
		74C1BF2026341F750067E05F /* Assets.xcassets */ = {isa = PBXFileReference; lastKnownFileType = folder.assetcatalog; path = Assets.xcassets; sourceTree = "<group>"; };
		74C1BF2526341F750067E05F /* PHARMANCY.app */ = {isa = PBXFileReference; explicitFileType = wrapper.application; includeInIndex = 0; path = PHARMANCY.app; sourceTree = BUILT_PRODUCTS_DIR; };
		74C1BF2826341F750067E05F /* Info.plist */ = {isa = PBXFileReference; lastKnownFileType = text.plist.xml; path = Info.plist; sourceTree = "<group>"; };
		74C1BF2D26341F750067E05F /* PHARMANCY.app */ = {isa = PBXFileReference; explicitFileType = wrapper.application; includeInIndex = 0; path = PHARMANCY.app; sourceTree = BUILT_PRODUCTS_DIR; };
		74C1BF2F26341F750067E05F /* Info.plist */ = {isa = PBXFileReference; lastKnownFileType = text.plist.xml; path = Info.plist; sourceTree = "<group>"; };
		74C1BF3026341F750067E05F /* macOS.entitlements */ = {isa = PBXFileReference; lastKnownFileType = text.plist.entitlements; path = macOS.entitlements; sourceTree = "<group>"; };
		74C1BF3526341F750067E05F /* Tests iOS.xctest */ = {isa = PBXFileReference; explicitFileType = wrapper.cfbundle; includeInIndex = 0; path = "Tests iOS.xctest"; sourceTree = BUILT_PRODUCTS_DIR; };
		74C1BF3926341F750067E05F /* Tests_iOS.swift */ = {isa = PBXFileReference; lastKnownFileType = sourcecode.swift; path = Tests_iOS.swift; sourceTree = "<group>"; };
		74C1BF3B26341F750067E05F /* Info.plist */ = {isa = PBXFileReference; lastKnownFileType = text.plist.xml; path = Info.plist; sourceTree = "<group>"; };
		74C1BF4026341F750067E05F /* Tests macOS.xctest */ = {isa = PBXFileReference; explicitFileType = wrapper.cfbundle; includeInIndex = 0; path = "Tests macOS.xctest"; sourceTree = BUILT_PRODUCTS_DIR; };
		74C1BF4426341F750067E05F /* Tests_macOS.swift */ = {isa = PBXFileReference; lastKnownFileType = sourcecode.swift; path = Tests_macOS.swift; sourceTree = "<group>"; };
		74C1BF4626341F750067E05F /* Info.plist */ = {isa = PBXFileReference; lastKnownFileType = text.plist.xml; path = Info.plist; sourceTree = "<group>"; };
/* End PBXFileReference section */

/* Begin PBXFrameworksBuildPhase section */
		74C1BF2226341F750067E05F /* Frameworks */ = {
			isa = PBXFrameworksBuildPhase;
			buildActionMask = 2147483647;
			files = (
			);
			runOnlyForDeploymentPostprocessing = 0;
		};
		74C1BF2A26341F750067E05F /* Frameworks */ = {
			isa = PBXFrameworksBuildPhase;
			buildActionMask = 2147483647;
			files = (
			);
			runOnlyForDeploymentPostprocessing = 0;
		};
		74C1BF3226341F750067E05F /* Frameworks */ = {
			isa = PBXFrameworksBuildPhase;
			buildActionMask = 2147483647;
			files = (
			);
			runOnlyForDeploymentPostprocessing = 0;
		};
		74C1BF3D26341F750067E05F /* Frameworks */ = {
			isa = PBXFrameworksBuildPhase;
			buildActionMask = 2147483647;
			files = (
			);
			runOnlyForDeploymentPostprocessing = 0;
		};
/* End PBXFrameworksBuildPhase section */

/* Begin PBXGroup section */
		74C1BF1826341F730067E05F = {
			isa = PBXGroup;
			children = (
				74C1BF1D26341F730067E05F /* Shared */,
				74C1BF2726341F750067E05F /* iOS */,
				74C1BF2E26341F750067E05F /* macOS */,
				74C1BF3826341F750067E05F /* Tests iOS */,
				74C1BF4326341F750067E05F /* Tests macOS */,
				74C1BF2626341F750067E05F /* Products */,
			);
			sourceTree = "<group>";
		};
		74C1BF1D26341F730067E05F /* Shared */ = {
			isa = PBXGroup;
			children = (
				74C1BF1E26341F730067E05F /* PHARMANCYApp.swift */,
				74C1BF1F26341F730067E05F /* ContentView.swift */,
				74C1BF2026341F750067E05F /* Assets.xcassets */,
			);
			path = Shared;
			sourceTree = "<group>";
		};
		74C1BF2626341F750067E05F /* Products */ = {
			isa = PBXGroup;
			children = (
				74C1BF2526341F750067E05F /* PHARMANCY.app */,
				74C1BF2D26341F750067E05F /* PHARMANCY.app */,
				74C1BF3526341F750067E05F /* Tests iOS.xctest */,
				74C1BF4026341F750067E05F /* Tests macOS.xctest */,
			);
			name = Products;
			sourceTree = "<group>";
		};
		74C1BF2726341F750067E05F /* iOS */ = {
			isa = PBXGroup;
			children = (
				74C1BF2826341F750067E05F /* Info.plist */,
			);
			path = iOS;
			sourceTree = "<group>";
		};
		74C1BF2E26341F750067E05F /* macOS */ = {
			isa = PBXGroup;
			children = (
				74C1BF2F26341F750067E05F /* Info.plist */,
				74C1BF3026341F750067E05F /* macOS.entitlements */,
			);
			path = macOS;
			sourceTree = "<group>";
		};
		74C1BF3826341F750067E05F /* Tests iOS */ = {
			isa = PBXGroup;
			children = (
				74C1BF3926341F750067E05F /* Tests_iOS.swift */,
				74C1BF3B26341F750067E05F /* Info.plist */,
			);
			path = "Tests iOS";
			sourceTree = "<group>";
		};
		74C1BF4326341F750067E05F /* Tests macOS */ = {
			isa = PBXGroup;
			children = (
				74C1BF4426341F750067E05F /* Tests_macOS.swift */,
				74C1BF4626341F750067E05F /* Info.plist */,
			);
			path = "Tests macOS";
			sourceTree = "<group>";
		};
/* End PBXGroup section */

/* Begin PBXNativeTarget section */
		74C1BF2426341F750067E05F /* PHARMANCY (iOS) */ = {
			isa = PBXNativeTarget;
			buildConfigurationList = 74C1BF4F26341F750067E05F /* Build configuration list for PBXNativeTarget "PHARMANCY (iOS)" */;
			buildPhases = (
				74C1BF2126341F750067E05F /* Sources */,
				74C1BF2226341F750067E05F /* Frameworks */,
				74C1BF2326341F750067E05F /* Resources */,
			);
			buildRules = (
			);
			dependencies = (
			);
			name = "PHARMANCY (iOS)";
			productName = "PHARMANCY (iOS)";
			productReference = 74C1BF2526341F750067E05F /* PHARMANCY.app */;
			productType = "com.apple.product-type.application";
		};
		74C1BF2C26341F750067E05F /* PHARMANCY (macOS) */ = {
			isa = PBXNativeTarget;
			buildConfigurationList = 74C1BF5226341F750067E05F /* Build configuration list for PBXNativeTarget "PHARMANCY (macOS)" */;
			buildPhases = (
				74C1BF2926341F750067E05F /* Sources */,
				74C1BF2A26341F750067E05F /* Frameworks */,
				74C1BF2B26341F750067E05F /* Resources */,
			);
			buildRules = (
			);
			dependencies = (
			);
			name = "PHARMANCY (macOS)";
			productName = "PHARMANCY (macOS)";
			productReference = 74C1BF2D26341F750067E05F /* PHARMANCY.app */;
			productType = "com.apple.product-type.application";
		};
		74C1BF3426341F750067E05F /* Tests iOS */ = {
			isa = PBXNativeTarget;
			buildConfigurationList = 74C1BF5526341F750067E05F /* Build configuration list for PBXNativeTarget "Tests iOS" */;
			buildPhases = (
				74C1BF3126341F750067E05F /* Sources */,
				74C1BF3226341F750067E05F /* Frameworks */,
				74C1BF3326341F750067E05F /* Resources */,
			);
			buildRules = (
			);
			dependencies = (
				74C1BF3726341F750067E05F /* PBXTargetDependency */,
			);
			name = "Tests iOS";
			productName = "Tests iOS";
			productReference = 74C1BF3526341F750067E05F /* Tests iOS.xctest */;
			productType = "com.apple.product-type.bundle.ui-testing";
		};
		74C1BF3F26341F750067E05F /* Tests macOS */ = {
			isa = PBXNativeTarget;
			buildConfigurationList = 74C1BF5826341F750067E05F /* Build configuration list for PBXNativeTarget "Tests macOS" */;
			buildPhases = (
				74C1BF3C26341F750067E05F /* Sources */,
				74C1BF3D26341F750067E05F /* Frameworks */,
				74C1BF3E26341F750067E05F /* Resources */,
			);
			buildRules = (
			);
			dependencies = (
				74C1BF4226341F750067E05F /* PBXTargetDependency */,
			);
			name = "Tests macOS";
			productName = "Tests macOS";
			productReference = 74C1BF4026341F750067E05F /* Tests macOS.xctest */;
			productType = "com.apple.product-type.bundle.ui-testing";
		};
/* End PBXNativeTarget section */

/* Begin PBXProject section */
		74C1BF1926341F730067E05F /* Project object */ = {
			isa = PBXProject;
			attributes = {
				LastSwiftUpdateCheck = 1240;
				LastUpgradeCheck = 1240;
				TargetAttributes = {
					74C1BF2426341F750067E05F = {
						CreatedOnToolsVersion = 12.4;
					};
					74C1BF2C26341F750067E05F = {
						CreatedOnToolsVersion = 12.4;
					};
					74C1BF3426341F750067E05F = {
						CreatedOnToolsVersion = 12.4;
						TestTargetID = 74C1BF2426341F750067E05F;
					};
					74C1BF3F26341F750067E05F = {
						CreatedOnToolsVersion = 12.4;
						TestTargetID = 74C1BF2C26341F750067E05F;
					};
				};
			};
			buildConfigurationList = 74C1BF1C26341F730067E05F /* Build configuration list for PBXProject "PHARMANCY" */;
			compatibilityVersion = "Xcode 9.3";
			developmentRegion = en;
			hasScannedForEncodings = 0;
			knownRegions = (
				en,
				Base,
			);
			mainGroup = 74C1BF1826341F730067E05F;
			productRefGroup = 74C1BF2626341F750067E05F /* Products */;
			projectDirPath = "";
			projectRoot = "";
			targets = (
				74C1BF2426341F750067E05F /* PHARMANCY (iOS) */,
				74C1BF2C26341F750067E05F /* PHARMANCY (macOS) */,
				74C1BF3426341F750067E05F /* Tests iOS */,
				74C1BF3F26341F750067E05F /* Tests macOS */,
			);
		};
/* End PBXProject section */

/* Begin PBXResourcesBuildPhase section */
		74C1BF2326341F750067E05F /* Resources */ = {
			isa = PBXResourcesBuildPhase;
			buildActionMask = 2147483647;
			files = (
				74C1BF4B26341F750067E05F /* Assets.xcassets in Resources */,
			);
			runOnlyForDeploymentPostprocessing = 0;
		};
		74C1BF2B26341F750067E05F /* Resources */ = {
			isa = PBXResourcesBuildPhase;
			buildActionMask = 2147483647;
			files = (
				74C1BF4C26341F750067E05F /* Assets.xcassets in Resources */,
			);
			runOnlyForDeploymentPostprocessing = 0;
		};
		74C1BF3326341F750067E05F /* Resources */ = {
			isa = PBXResourcesBuildPhase;
			buildActionMask = 2147483647;
			files = (
			);
			runOnlyForDeploymentPostprocessing = 0;
		};
		74C1BF3E26341F750067E05F /* Resources */ = {
			isa = PBXResourcesBuildPhase;
			buildActionMask = 2147483647;
			files = (
			);
			runOnlyForDeploymentPostprocessing = 0;
		};
/* End PBXResourcesBuildPhase section */

/* Begin PBXSourcesBuildPhase section */
		74C1BF2126341F750067E05F /* Sources */ = {
			isa = PBXSourcesBuildPhase;
			buildActionMask = 2147483647;
			files = (
				74C1BF4926341F750067E05F /* ContentView.swift in Sources */,
				74C1BF4726341F750067E05F /* PHARMANCYApp.swift in Sources */,
			);
			runOnlyForDeploymentPostprocessing = 0;
		};
		74C1BF2926341F750067E05F /* Sources */ = {
			isa = PBXSourcesBuildPhase;
			buildActionMask = 2147483647;
			files = (
				74C1BF4A26341F750067E05F /* ContentView.swift in Sources */,
				74C1BF4826341F750067E05F /* PHARMANCYApp.swift in Sources */,
			);
			runOnlyForDeploymentPostprocessing = 0;
		};
		74C1BF3126341F750067E05F /* Sources */ = {
			isa = PBXSourcesBuildPhase;
			buildActionMask = 2147483647;
			files = (
				74C1BF3A26341F750067E05F /* Tests_iOS.swift in Sources */,
			);
			runOnlyForDeploymentPostprocessing = 0;
		};
		74C1BF3C26341F750067E05F /* Sources */ = {
			isa = PBXSourcesBuildPhase;
			buildActionMask = 2147483647;
			files = (
				74C1BF4526341F750067E05F /* Tests_macOS.swift in Sources */,
			);
			runOnlyForDeploymentPostprocessing = 0;
		};
/* End PBXSourcesBuildPhase section */

/* Begin PBXTargetDependency section */
		74C1BF3726341F750067E05F /* PBXTargetDependency */ = {
			isa = PBXTargetDependency;
			target = 74C1BF2426341F750067E05F /* PHARMANCY (iOS) */;
			targetProxy = 74C1BF3626341F750067E05F /* PBXContainerItemProxy */;
		};
		74C1BF4226341F750067E05F /* PBXTargetDependency */ = {
			isa = PBXTargetDependency;
			target = 74C1BF2C26341F750067E05F /* PHARMANCY (macOS) */;
			targetProxy = 74C1BF4126341F750067E05F /* PBXContainerItemProxy */;
		};
/* End PBXTargetDependency section */

/* Begin XCBuildConfiguration section */
		74C1BF4D26341F750067E05F /* Debug */ = {
			isa = XCBuildConfiguration;
			buildSettings = {
				ALWAYS_SEARCH_USER_PATHS = NO;
				CLANG_ANALYZER_NONNULL = YES;
				CLANG_ANALYZER_NUMBER_OBJECT_CONVERSION = YES_AGGRESSIVE;
				CLANG_CXX_LANGUAGE_STANDARD = "gnu++14";
				CLANG_CXX_LIBRARY = "libc++";
				CLANG_ENABLE_MODULES = YES;
				CLANG_ENABLE_OBJC_ARC = YES;
				CLANG_ENABLE_OBJC_WEAK = YES;
				CLANG_WARN_BLOCK_CAPTURE_AUTORELEASING = YES;
				CLANG_WARN_BOOL_CONVERSION = YES;
				CLANG_WARN_COMMA = YES;
				CLANG_WARN_CONSTANT_CONVERSION = YES;
				CLANG_WARN_DEPRECATED_OBJC_IMPLEMENTATIONS = YES;
				CLANG_WARN_DIRECT_OBJC_ISA_USAGE = YES_ERROR;
				CLANG_WARN_DOCUMENTATION_COMMENTS = YES;
				CLANG_WARN_EMPTY_BODY = YES;
				CLANG_WARN_ENUM_CONVERSION = YES;
				CLANG_WARN_INFINITE_RECURSION = YES;
				CLANG_WARN_INT_CONVERSION = YES;
				CLANG_WARN_NON_LITERAL_NULL_CONVERSION = YES;
				CLANG_WARN_OBJC_IMPLICIT_RETAIN_SELF = YES;
				CLANG_WARN_OBJC_LITERAL_CONVERSION = YES;
				CLANG_WARN_OBJC_ROOT_CLASS = YES_ERROR;
				CLANG_WARN_QUOTED_INCLUDE_IN_FRAMEWORK_HEADER = YES;
				CLANG_WARN_RANGE_LOOP_ANALYSIS = YES;
				CLANG_WARN_STRICT_PROTOTYPES = YES;
				CLANG_WARN_SUSPICIOUS_MOVE = YES;
				CLANG_WARN_UNGUARDED_AVAILABILITY = YES_AGGRESSIVE;
				CLANG_WARN_UNREACHABLE_CODE = YES;
				CLANG_WARN__DUPLICATE_METHOD_MATCH = YES;
				COPY_PHASE_STRIP = NO;
				DEBUG_INFORMATION_FORMAT = dwarf;
				ENABLE_STRICT_OBJC_MSGSEND = YES;
				ENABLE_TESTABILITY = YES;
				GCC_C_LANGUAGE_STANDARD = gnu11;
				GCC_DYNAMIC_NO_PIC = NO;
				GCC_NO_COMMON_BLOCKS = YES;
				GCC_OPTIMIZATION_LEVEL = 0;
				GCC_PREPROCESSOR_DEFINITIONS = (
					"DEBUG=1",
					"$(inherited)",
				);
				GCC_WARN_64_TO_32_BIT_CONVERSION = YES;
				GCC_WARN_ABOUT_RETURN_TYPE = YES_ERROR;
				GCC_WARN_UNDECLARED_SELECTOR = YES;
				GCC_WARN_UNINITIALIZED_AUTOS = YES_AGGRESSIVE;
				GCC_WARN_UNUSED_FUNCTION = YES;
				GCC_WARN_UNUSED_VARIABLE = YES;
				MTL_ENABLE_DEBUG_INFO = INCLUDE_SOURCE;
				MTL_FAST_MATH = YES;
				ONLY_ACTIVE_ARCH = YES;
				SWIFT_ACTIVE_COMPILATION_CONDITIONS = DEBUG;
				SWIFT_OPTIMIZATION_LEVEL = "-Onone";
			};
			name = Debug;
		};
		74C1BF4E26341F750067E05F /* Release */ = {
			isa = XCBuildConfiguration;
			buildSettings = {
				ALWAYS_SEARCH_USER_PATHS = NO;
				CLANG_ANALYZER_NONNULL = YES;
				CLANG_ANALYZER_NUMBER_OBJECT_CONVERSION = YES_AGGRESSIVE;
				CLANG_CXX_LANGUAGE_STANDARD = "gnu++14";
				CLANG_CXX_LIBRARY = "libc++";
				CLANG_ENABLE_MODULES = YES;
				CLANG_ENABLE_OBJC_ARC = YES;
				CLANG_ENABLE_OBJC_WEAK = YES;
				CLANG_WARN_BLOCK_CAPTURE_AUTORELEASING = YES;
				CLANG_WARN_BOOL_CONVERSION = YES;
				CLANG_WARN_COMMA = YES;
				CLANG_WARN_CONSTANT_CONVERSION = YES;
				CLANG_WARN_DEPRECATED_OBJC_IMPLEMENTATIONS = YES;
				CLANG_WARN_DIRECT_OBJC_ISA_USAGE = YES_ERROR;
				CLANG_WARN_DOCUMENTATION_COMMENTS = YES;
				CLANG_WARN_EMPTY_BODY = YES;
				CLANG_WARN_ENUM_CONVERSION = YES;
				CLANG_WARN_INFINITE_RECURSION = YES;
				CLANG_WARN_INT_CONVERSION = YES;
				CLANG_WARN_NON_LITERAL_NULL_CONVERSION = YES;
				CLANG_WARN_OBJC_IMPLICIT_RETAIN_SELF = YES;
				CLANG_WARN_OBJC_LITERAL_CONVERSION = YES;
				CLANG_WARN_OBJC_ROOT_CLASS = YES_ERROR;
				CLANG_WARN_QUOTED_INCLUDE_IN_FRAMEWORK_HEADER = YES;
				CLANG_WARN_RANGE_LOOP_ANALYSIS = YES;
				CLANG_WARN_STRICT_PROTOTYPES = YES;
				CLANG_WARN_SUSPICIOUS_MOVE = YES;
				CLANG_WARN_UNGUARDED_AVAILABILITY = YES_AGGRESSIVE;
				CLANG_WARN_UNREACHABLE_CODE = YES;
				CLANG_WARN__DUPLICATE_METHOD_MATCH = YES;
				COPY_PHASE_STRIP = NO;
				DEBUG_INFORMATION_FORMAT = "dwarf-with-dsym";
				ENABLE_NS_ASSERTIONS = NO;
				ENABLE_STRICT_OBJC_MSGSEND = YES;
				GCC_C_LANGUAGE_STANDARD = gnu11;
				GCC_NO_COMMON_BLOCKS = YES;
				GCC_WARN_64_TO_32_BIT_CONVERSION = YES;
				GCC_WARN_ABOUT_RETURN_TYPE = YES_ERROR;
				GCC_WARN_UNDECLARED_SELECTOR = YES;
				GCC_WARN_UNINITIALIZED_AUTOS = YES_AGGRESSIVE;
				GCC_WARN_UNUSED_FUNCTION = YES;
				GCC_WARN_UNUSED_VARIABLE = YES;
				MTL_ENABLE_DEBUG_INFO = NO;
				MTL_FAST_MATH = YES;
				SWIFT_COMPILATION_MODE = wholemodule;
				SWIFT_OPTIMIZATION_LEVEL = "-O";
			};
			name = Release;
		};
		74C1BF5026341F750067E05F /* Debug */ = {
			isa = XCBuildConfiguration;
			buildSettings = {
				ASSETCATALOG_COMPILER_APPICON_NAME = AppIcon;
				ASSETCATALOG_COMPILER_GLOBAL_ACCENT_COLOR_NAME = AccentColor;
				CODE_SIGN_STYLE = Automatic;
				ENABLE_PREVIEWS = YES;
				INFOPLIST_FILE = iOS/Info.plist;
				IPHONEOS_DEPLOYMENT_TARGET = 14.0;
				LD_RUNPATH_SEARCH_PATHS = (
					"$(inherited)",
					"@executable_path/Frameworks",
				);
				PRODUCT_BUNDLE_IDENTIFIER = Me.PHARMANCY;
				PRODUCT_NAME = PHARMANCY;
				SDKROOT = iphoneos;
				SWIFT_VERSION = 5.0;
				TARGETED_DEVICE_FAMILY = "1,2";
			};
			name = Debug;
		};
		74C1BF5126341F750067E05F /* Release */ = {
			isa = XCBuildConfiguration;
			buildSettings = {
				ASSETCATALOG_COMPILER_APPICON_NAME = AppIcon;
				ASSETCATALOG_COMPILER_GLOBAL_ACCENT_COLOR_NAME = AccentColor;
				CODE_SIGN_STYLE = Automatic;
				ENABLE_PREVIEWS = YES;
				INFOPLIST_FILE = iOS/Info.plist;
				IPHONEOS_DEPLOYMENT_TARGET = 14.0;
				LD_RUNPATH_SEARCH_PATHS = (
					"$(inherited)",
					"@executable_path/Frameworks",
				);
				PRODUCT_BUNDLE_IDENTIFIER = Me.PHARMANCY;
				PRODUCT_NAME = PHARMANCY;
				SDKROOT = iphoneos;
				SWIFT_VERSION = 5.0;
				TARGETED_DEVICE_FAMILY = "1,2";
				VALIDATE_PRODUCT = YES;
			};
			name = Release;
		};
		74C1BF5326341F750067E05F /* Debug */ = {
			isa = XCBuildConfiguration;
			buildSettings = {
				ASSETCATALOG_COMPILER_APPICON_NAME = AppIcon;
				ASSETCATALOG_COMPILER_GLOBAL_ACCENT_COLOR_NAME = AccentColor;
				CODE_SIGN_ENTITLEMENTS = macOS/macOS.entitlements;
				CODE_SIGN_STYLE = Automatic;
				COMBINE_HIDPI_IMAGES = YES;
				ENABLE_PREVIEWS = YES;
				INFOPLIST_FILE = macOS/Info.plist;
				LD_RUNPATH_SEARCH_PATHS = (
					"$(inherited)",
					"@executable_path/../Frameworks",
				);
				MACOSX_DEPLOYMENT_TARGET = 11.0;
				PRODUCT_BUNDLE_IDENTIFIER = Me.PHARMANCY;
				PRODUCT_NAME = PHARMANCY;
				SDKROOT = macosx;
				SWIFT_VERSION = 5.0;
			};
			name = Debug;
		};
		74C1BF5426341F750067E05F /* Release */ = {
			isa = XCBuildConfiguration;
			buildSettings = {
				ASSETCATALOG_COMPILER_APPICON_NAME = AppIcon;
				ASSETCATALOG_COMPILER_GLOBAL_ACCENT_COLOR_NAME = AccentColor;
				CODE_SIGN_ENTITLEMENTS = macOS/macOS.entitlements;
				CODE_SIGN_STYLE = Automatic;
				COMBINE_HIDPI_IMAGES = YES;
				ENABLE_PREVIEWS = YES;
				INFOPLIST_FILE = macOS/Info.plist;
				LD_RUNPATH_SEARCH_PATHS = (
					"$(inherited)",
					"@executable_path/../Frameworks",
				);
				MACOSX_DEPLOYMENT_TARGET = 11.0;
				PRODUCT_BUNDLE_IDENTIFIER = Me.PHARMANCY;
				PRODUCT_NAME = PHARMANCY;
				SDKROOT = macosx;
				SWIFT_VERSION = 5.0;
			};
			name = Release;
		};
		74C1BF5626341F750067E05F /* Debug */ = {
			isa = XCBuildConfiguration;
			buildSettings = {
				ALWAYS_EMBED_SWIFT_STANDARD_LIBRARIES = YES;
				CODE_SIGN_STYLE = Automatic;
				INFOPLIST_FILE = "Tests iOS/Info.plist";
				IPHONEOS_DEPLOYMENT_TARGET = 14.4;
				LD_RUNPATH_SEARCH_PATHS = (
					"$(inherited)",
					"@executable_path/Frameworks",
					"@loader_path/Frameworks",
				);
				PRODUCT_BUNDLE_IDENTIFIER = "Me.Tests-iOS";
				PRODUCT_NAME = "$(TARGET_NAME)";
				SDKROOT = iphoneos;
				SWIFT_VERSION = 5.0;
				TARGETED_DEVICE_FAMILY = "1,2";
				TEST_TARGET_NAME = "PHARMANCY (iOS)";
			};
			name = Debug;
		};
		74C1BF5726341F750067E05F /* Release */ = {
			isa = XCBuildConfiguration;
			buildSettings = {
				ALWAYS_EMBED_SWIFT_STANDARD_LIBRARIES = YES;
				CODE_SIGN_STYLE = Automatic;
				INFOPLIST_FILE = "Tests iOS/Info.plist";
				IPHONEOS_DEPLOYMENT_TARGET = 14.4;
				LD_RUNPATH_SEARCH_PATHS = (
					"$(inherited)",
					"@executable_path/Frameworks",
					"@loader_path/Frameworks",
				);
				PRODUCT_BUNDLE_IDENTIFIER = "Me.Tests-iOS";
				PRODUCT_NAME = "$(TARGET_NAME)";
				SDKROOT = iphoneos;
				SWIFT_VERSION = 5.0;
				TARGETED_DEVICE_FAMILY = "1,2";
				TEST_TARGET_NAME = "PHARMANCY (iOS)";
				VALIDATE_PRODUCT = YES;
			};
			name = Release;
		};
		74C1BF5926341F750067E05F /* Debug */ = {
			isa = XCBuildConfiguration;
			buildSettings = {
				ALWAYS_EMBED_SWIFT_STANDARD_LIBRARIES = YES;
				CODE_SIGN_STYLE = Automatic;
				COMBINE_HIDPI_IMAGES = YES;
				INFOPLIST_FILE = "Tests macOS/Info.plist";
				LD_RUNPATH_SEARCH_PATHS = (
					"$(inherited)",
					"@executable_path/../Frameworks",
					"@loader_path/../Frameworks",
				);
				MACOSX_DEPLOYMENT_TARGET = 10.15;
				PRODUCT_BUNDLE_IDENTIFIER = "Me.Tests-macOS";
				PRODUCT_NAME = "$(TARGET_NAME)";
				SDKROOT = macosx;
				SWIFT_VERSION = 5.0;
				TEST_TARGET_NAME = "PHARMANCY (macOS)";
			};
			name = Debug;
		};
		74C1BF5A26341F750067E05F /* Release */ = {
			isa = XCBuildConfiguration;
			buildSettings = {
				ALWAYS_EMBED_SWIFT_STANDARD_LIBRARIES = YES;
				CODE_SIGN_STYLE = Automatic;
				COMBINE_HIDPI_IMAGES = YES;
				INFOPLIST_FILE = "Tests macOS/Info.plist";
				LD_RUNPATH_SEARCH_PATHS = (
					"$(inherited)",
					"@executable_path/../Frameworks",
					"@loader_path/../Frameworks",
				);
				MACOSX_DEPLOYMENT_TARGET = 10.15;
				PRODUCT_BUNDLE_IDENTIFIER = "Me.Tests-macOS";
				PRODUCT_NAME = "$(TARGET_NAME)";
				SDKROOT = macosx;
				SWIFT_VERSION = 5.0;
				TEST_TARGET_NAME = "PHARMANCY (macOS)";
			};
			name = Release;
		};
/* End XCBuildConfiguration section */

/* Begin XCConfigurationList section */
		74C1BF1C26341F730067E05F /* Build configuration list for PBXProject "PHARMANCY" */ = {
			isa = XCConfigurationList;
			buildConfigurations = (
				74C1BF4D26341F750067E05F /* Debug */,
				74C1BF4E26341F750067E05F /* Release */,
			);
			defaultConfigurationIsVisible = 0;
			defaultConfigurationName = Release;
		};
		74C1BF4F26341F750067E05F /* Build configuration list for PBXNativeTarget "PHARMANCY (iOS)" */ = {
			isa = XCConfigurationList;
			buildConfigurations = (
				74C1BF5026341F750067E05F /* Debug */,
				74C1BF5126341F750067E05F /* Release */,
			);
			defaultConfigurationIsVisible = 0;
			defaultConfigurationName = Release;
		};
		74C1BF5226341F750067E05F /* Build configuration list for PBXNativeTarget "PHARMANCY (macOS)" */ = {
			isa = XCConfigurationList;
			buildConfigurations = (
				74C1BF5326341F750067E05F /* Debug */,
				74C1BF5426341F750067E05F /* Release */,
			);
			defaultConfigurationIsVisible = 0;
			defaultConfigurationName = Release;
		};
		74C1BF5526341F750067E05F /* Build configuration list for PBXNativeTarget "Tests iOS" */ = {
			isa = XCConfigurationList;
			buildConfigurations = (
				74C1BF5626341F750067E05F /* Debug */,
				74C1BF5726341F750067E05F /* Release */,
			);
			defaultConfigurationIsVisible = 0;
			defaultConfigurationName = Release;
		};
		74C1BF5826341F750067E05F /* Build configuration list for PBXNativeTarget "Tests macOS" */ = {
			isa = XCConfigurationList;
			buildConfigurations = (
				74C1BF5926341F750067E05F /* Debug */,
				74C1BF5A26341F750067E05F /* Release */,
			);
			defaultConfigurationIsVisible = 0;
			defaultConfigurationName = Release;
		};
/* End XCConfigurationList section */
	};
	rootObject = 74C1BF1926341F730067E05F /* Project object */;
}
